{
  "nodes": {
    "ansi": {
      "inputs": {
        "nix-systems": [
          "nix-systems"
        ],
        "nixpkgs": [
          "nixpkgs"
        ]
      },
      "locked": {
        "lastModified": 1,
        "narHash": "sha256-CrG995THCtPIhx/KjwyYIt508ylT7XpYPdncH6EsMAM=",
        "path": "./ansi",
        "type": "path"
      },
      "original": {
        "path": "./ansi",
        "type": "path"
      }
    },
    "ex": {
      "inputs": {
        "nix-systems": [
          "nix-systems"
        ],
        "nixpkgs": [
          "nixpkgs"
        ]
      },
      "locked": {
        "lastModified": 1,
        "narHash": "sha256-BkOYq0T/mk0O5NQgGgRcXIVQSiWhyZkOmF5m2TbU44k=",
        "path": "./ex",
        "type": "path"
      },
      "original": {
        "path": "./ex",
        "type": "path"
      }
    },
    "nix-systems": {
      "locked": {
        "lastModified": 1681028828,
        "narHash": "sha256-Vy1rq5AaRuLzOxct8nz4T6wlgyUR7zLU309k9mBC768=",
        "owner": "nix-systems",
        "repo": "default",
        "rev": "da67096a3b9bf56a91d16901293e51ba5b49a27e",
        "type": "github"
      },
      "original": {
        "owner": "nix-systems",
        "repo": "default",
        "type": "github"
      }
    },
    "nixpkgs": {
      "locked": {
        "lastModified": 1714601396,
        "narHash": "sha256-NIoYkSroPu3c8o5ZF1CtTD6zGuFmCC2SaZDGYPseAWQ=",
        "owner": "nixos",
        "repo": "nixpkgs",
        "rev": "8937b370727c9f8030a66449ab3ad0f9b5309069",
        "type": "github"
      },
      "original": {
        "owner": "nixos",
        "repo": "nixpkgs",
        "type": "github"
      }
    },
    "root": {
      "inputs": {
        "ansi": "ansi",
        "ex": "ex",
        "nix-systems": "nix-systems",
        "nixpkgs": "nixpkgs",
        "up": "up"
      }
    },
    "up": {
      "inputs": {
        "nix-systems": [
          "nix-systems"
        ],
        "nixpkgs": [
          "nixpkgs"
        ]
      },
      "locked": {
        "lastModified": 1,
        "narHash": "sha256-U4aG7i1cf8i+O00Hf9rtllVY4aMyc468jcY2z6XyJ7w=",
        "path": "./up",
        "type": "path"
      },
      "original": {
        "path": "./up",
        "type": "path"
      }
    }
  },
  "root": "root",
  "version": 7
}
